{
    "name": "@nyar/arc-reader",
    "version": "0.1.0",
    "lockfileVersion": 1,
    "requires": true,
    "dependencies": {
        "@types/ramda": {
            "version": "0.26.8",
            "resolved": "https://registry.npmjs.org/@types/ramda/-/ramda-0.26.8.tgz",
            "integrity": "sha512-PSMkNNhB900U2xcyndlkVjJeCXpVtf1yod0Kdq/ArsLDIE0tW8pLBChmQeJs4o4dfp3AEP+AGm6zIseZPU4ndA==",
            "dev": true
        }
    }
}
